# THIS IS AN AUTOGENERATED FILE. DO NOT EDIT THIS FILE DIRECTLY.
# yarn lockfile v1


react-semantic-ui-range@^0.7.0:
  version "0.7.0"
  resolved "https://registry.yarnpkg.com/react-semantic-ui-range/-/react-semantic-ui-range-0.7.0.tgz#54054eaddfe6e45b21863ef02f62022338db66fb"
  integrity sha512-1Y0GakHM+9gvEpPDbzRFvwHsmPtTRH0lLEAx2Ho2rhH9q7S+goTjgHlEUXlvXS/WbBtwVDqfpzXSj+JO8p0nmQ==
